
Microsoft Visual Studio Solution File, Format Version 12.00
# Visual Studio Version 17
VisualStudioVersion = 17.2.32505.173
MinimumVisualStudioVersion = 10.0.40219.1
Project("{9A19103F-16F7-4668-BE54-9A1E7A4F7556}") = "MovieShopMVC", "MovieShopMVC\MovieShopMVC.csproj", "{015B009F-ADB0-4674-99C3-69FEC0CC9C16}"
EndProject
Project("{9A19103F-16F7-4668-BE54-9A1E7A4F7556}") = "ApplicationCore", "ApplicationCore\ApplicationCore.csproj", "{9753FBEA-D2B9-4263-8F6A-FFF320DAD216}"
EndProject
Project("{9A19103F-16F7-4668-BE54-9A1E7A4F7556}") = "Infrastructure", "Infrastructure\Infrastructure.csproj", "{5B020546-1C52-445F-86C7-F80D85E340C6}"
EndProject
Project("{FAE04EC0-301F-11D3-BF4B-00C04F79EFBC}") = "MovieShopAPI", "MovieShopAPI\MovieShopAPI.csproj", "{57761953-CB24-4D23-9D5F-A22336640DE4}"
EndProject
Global
	GlobalSection(SolutionConfigurationPlatforms) = preSolution
		Debug|Any CPU = Debug|Any CPU
		Release|Any CPU = Release|Any CPU
	EndGlobalSection
	GlobalSection(ProjectConfigurationPlatforms) = postSolution
		{015B009F-ADB0-4674-99C3-69FEC0CC9C16}.Debug|Any CPU.ActiveCfg = Debug|Any CPU
		{015B009F-ADB0-4674-99C3-69FEC0CC9C16}.Debug|Any CPU.Build.0 = Debug|Any CPU
		{015B009F-ADB0-4674-99C3-69FEC0CC9C16}.Release|Any CPU.ActiveCfg = Release|Any CPU
		{015B009F-ADB0-4674-99C3-69FEC0CC9C16}.Release|Any CPU.Build.0 = Release|Any CPU
		{9753FBEA-D2B9-4263-8F6A-FFF320DAD216}.Debug|Any CPU.ActiveCfg = Debug|Any CPU
		{9753FBEA-D2B9-4263-8F6A-FFF320DAD216}.Debug|Any CPU.Build.0 = Debug|Any CPU
		{9753FBEA-D2B9-4263-8F6A-FFF320DAD216}.Release|Any CPU.ActiveCfg = Release|Any CPU
		{9753FBEA-D2B9-4263-8F6A-FFF320DAD216}.Release|Any CPU.Build.0 = Release|Any CPU
		{5B020546-1C52-445F-86C7-F80D85E340C6}.Debug|Any CPU.ActiveCfg = Debug|Any CPU
		{5B020546-1C52-445F-86C7-F80D85E340C6}.Debug|Any CPU.Build.0 = Debug|Any CPU
		{5B020546-1C52-445F-86C7-F80D85E340C6}.Release|Any CPU.ActiveCfg = Release|Any CPU
		{5B020546-1C52-445F-86C7-F80D85E340C6}.Release|Any CPU.Build.0 = Release|Any CPU
		{57761953-CB24-4D23-9D5F-A22336640DE4}.Debug|Any CPU.ActiveCfg = Debug|Any CPU
		{57761953-CB24-4D23-9D5F-A22336640DE4}.Debug|Any CPU.Build.0 = Debug|Any CPU
		{57761953-CB24-4D23-9D5F-A22336640DE4}.Release|Any CPU.ActiveCfg = Release|Any CPU
		{57761953-CB24-4D23-9D5F-A22336640DE4}.Release|Any CPU.Build.0 = Release|Any CPU
	EndGlobalSection
	GlobalSection(SolutionProperties) = preSolution
		HideSolutionNode = FALSE
	EndGlobalSection
	GlobalSection(ExtensibilityGlobals) = postSolution
		SolutionGuid = {9BF924FD-BF8C-42E6-84CD-1E7676B98483}
	EndGlobalSection
EndGlobal
